# This file is automatically @generated by Poetry 2.0.1 and should not be changed by hand.

[[package]]
name = "llvmlite"
version = "0.42.0"
description = "lightweight wrapper around basic LLVM functionality"
optional = false
python-versions = ">=3.9"
groups = ["main"]
files = [
    {file = "llvmlite-0.42.0-cp310-cp310-macosx_10_9_x86_64.whl", hash = "sha256:3366938e1bf63d26c34fbfb4c8e8d2ded57d11e0567d5bb243d89aab1eb56098"},
    {file = "llvmlite-0.42.0-cp310-cp310-macosx_11_0_arm64.whl", hash = "sha256:c35da49666a21185d21b551fc3caf46a935d54d66969d32d72af109b5e7d2b6f"},
    {file = "llvmlite-0.42.0-cp310-cp310-manylinux_2_17_aarch64.manylinux2014_aarch64.whl", hash = "sha256:70f44ccc3c6220bd23e0ba698a63ec2a7d3205da0d848804807f37fc243e3f77"},
    {file = "llvmlite-0.42.0-cp310-cp310-manylinux_2_17_x86_64.manylinux2014_x86_64.whl", hash = "sha256:763f8d8717a9073b9e0246998de89929071d15b47f254c10eef2310b9aac033d"},
    {file = "llvmlite-0.42.0-cp310-cp310-win_amd64.whl", hash = "sha256:8d90edf400b4ceb3a0e776b6c6e4656d05c7187c439587e06f86afceb66d2be5"},
    {file = "llvmlite-0.42.0-cp311-cp311-macosx_10_9_x86_64.whl", hash = "sha256:ae511caed28beaf1252dbaf5f40e663f533b79ceb408c874c01754cafabb9cbf"},
    {file = "llvmlite-0.42.0-cp311-cp311-macosx_11_0_arm64.whl", hash = "sha256:81e674c2fe85576e6c4474e8c7e7aba7901ac0196e864fe7985492b737dbab65"},
    {file = "llvmlite-0.42.0-cp311-cp311-manylinux_2_17_aarch64.manylinux2014_aarch64.whl", hash = "sha256:bb3975787f13eb97629052edb5017f6c170eebc1c14a0433e8089e5db43bcce6"},
    {file = "llvmlite-0.42.0-cp311-cp311-manylinux_2_17_x86_64.manylinux2014_x86_64.whl", hash = "sha256:c5bece0cdf77f22379f19b1959ccd7aee518afa4afbd3656c6365865f84903f9"},
    {file = "llvmlite-0.42.0-cp311-cp311-win_amd64.whl", hash = "sha256:7e0c4c11c8c2aa9b0701f91b799cb9134a6a6de51444eff5a9087fc7c1384275"},
    {file = "llvmlite-0.42.0-cp312-cp312-macosx_10_9_x86_64.whl", hash = "sha256:08fa9ab02b0d0179c688a4216b8939138266519aaa0aa94f1195a8542faedb56"},
    {file = "llvmlite-0.42.0-cp312-cp312-macosx_11_0_arm64.whl", hash = "sha256:b2fce7d355068494d1e42202c7aff25d50c462584233013eb4470c33b995e3ee"},
    {file = "llvmlite-0.42.0-cp312-cp312-manylinux_2_17_aarch64.manylinux2014_aarch64.whl", hash = "sha256:ebe66a86dc44634b59a3bc860c7b20d26d9aaffcd30364ebe8ba79161a9121f4"},
    {file = "llvmlite-0.42.0-cp312-cp312-manylinux_2_17_x86_64.manylinux2014_x86_64.whl", hash = "sha256:d47494552559e00d81bfb836cf1c4d5a5062e54102cc5767d5aa1e77ccd2505c"},
    {file = "llvmlite-0.42.0-cp312-cp312-win_amd64.whl", hash = "sha256:05cb7e9b6ce69165ce4d1b994fbdedca0c62492e537b0cc86141b6e2c78d5888"},
    {file = "llvmlite-0.42.0-cp39-cp39-macosx_10_9_x86_64.whl", hash = "sha256:bdd3888544538a94d7ec99e7c62a0cdd8833609c85f0c23fcb6c5c591aec60ad"},
    {file = "llvmlite-0.42.0-cp39-cp39-macosx_11_0_arm64.whl", hash = "sha256:d0936c2067a67fb8816c908d5457d63eba3e2b17e515c5fe00e5ee2bace06040"},
    {file = "llvmlite-0.42.0-cp39-cp39-manylinux_2_17_aarch64.manylinux2014_aarch64.whl", hash = "sha256:a78ab89f1924fc11482209f6799a7a3fc74ddc80425a7a3e0e8174af0e9e2301"},
    {file = "llvmlite-0.42.0-cp39-cp39-manylinux_2_17_x86_64.manylinux2014_x86_64.whl", hash = "sha256:d7599b65c7af7abbc978dbf345712c60fd596aa5670496561cc10e8a71cebfb2"},
    {file = "llvmlite-0.42.0-cp39-cp39-win_amd64.whl", hash = "sha256:43d65cc4e206c2e902c1004dd5418417c4efa6c1d04df05c6c5675a27e8ca90e"},
    {file = "llvmlite-0.42.0.tar.gz", hash = "sha256:f92b09243c0cc3f457da8b983f67bd8e1295d0f5b3746c7a1861d7a99403854a"},
]

[[package]]
name = "numba"
version = "0.59.1"
description = "compiling Python code using LLVM"
optional = false
python-versions = ">=3.9"
groups = ["main"]
files = [
    {file = "numba-0.59.1-cp310-cp310-macosx_10_9_x86_64.whl", hash = "sha256:97385a7f12212c4f4bc28f648720a92514bee79d7063e40ef66c2d30600fd18e"},
    {file = "numba-0.59.1-cp310-cp310-macosx_11_0_arm64.whl", hash = "sha256:0b77aecf52040de2a1eb1d7e314497b9e56fba17466c80b457b971a25bb1576d"},
    {file = "numba-0.59.1-cp310-cp310-manylinux2014_aarch64.manylinux_2_17_aarch64.whl", hash = "sha256:3476a4f641bfd58f35ead42f4dcaf5f132569c4647c6f1360ccf18ee4cda3990"},
    {file = "numba-0.59.1-cp310-cp310-manylinux2014_x86_64.manylinux_2_17_x86_64.whl", hash = "sha256:525ef3f820931bdae95ee5379c670d5c97289c6520726bc6937a4a7d4230ba24"},
    {file = "numba-0.59.1-cp310-cp310-win_amd64.whl", hash = "sha256:990e395e44d192a12105eca3083b61307db7da10e093972ca285c85bef0963d6"},
    {file = "numba-0.59.1-cp311-cp311-macosx_10_9_x86_64.whl", hash = "sha256:43727e7ad20b3ec23ee4fc642f5b61845c71f75dd2825b3c234390c6d8d64051"},
    {file = "numba-0.59.1-cp311-cp311-macosx_11_0_arm64.whl", hash = "sha256:411df625372c77959570050e861981e9d196cc1da9aa62c3d6a836b5cc338966"},
    {file = "numba-0.59.1-cp311-cp311-manylinux2014_aarch64.manylinux_2_17_aarch64.whl", hash = "sha256:2801003caa263d1e8497fb84829a7ecfb61738a95f62bc05693fcf1733e978e4"},
    {file = "numba-0.59.1-cp311-cp311-manylinux2014_x86_64.manylinux_2_17_x86_64.whl", hash = "sha256:dd2842fac03be4e5324ebbbd4d2d0c8c0fc6e0df75c09477dd45b288a0777389"},
    {file = "numba-0.59.1-cp311-cp311-win_amd64.whl", hash = "sha256:0594b3dfb369fada1f8bb2e3045cd6c61a564c62e50cf1f86b4666bc721b3450"},
    {file = "numba-0.59.1-cp312-cp312-macosx_10_9_x86_64.whl", hash = "sha256:1cce206a3b92836cdf26ef39d3a3242fec25e07f020cc4feec4c4a865e340569"},
    {file = "numba-0.59.1-cp312-cp312-macosx_11_0_arm64.whl", hash = "sha256:8c8b4477763cb1fbd86a3be7050500229417bf60867c93e131fd2626edb02238"},
    {file = "numba-0.59.1-cp312-cp312-manylinux2014_aarch64.manylinux_2_17_aarch64.whl", hash = "sha256:7d80bce4ef7e65bf895c29e3889ca75a29ee01da80266a01d34815918e365835"},
    {file = "numba-0.59.1-cp312-cp312-manylinux2014_x86_64.manylinux_2_17_x86_64.whl", hash = "sha256:f7ad1d217773e89a9845886401eaaab0a156a90aa2f179fdc125261fd1105096"},
    {file = "numba-0.59.1-cp312-cp312-win_amd64.whl", hash = "sha256:5bf68f4d69dd3a9f26a9b23548fa23e3bcb9042e2935257b471d2a8d3c424b7f"},
    {file = "numba-0.59.1-cp39-cp39-macosx_10_9_x86_64.whl", hash = "sha256:4e0318ae729de6e5dbe64c75ead1a95eb01fabfe0e2ebed81ebf0344d32db0ae"},
    {file = "numba-0.59.1-cp39-cp39-macosx_11_0_arm64.whl", hash = "sha256:0f68589740a8c38bb7dc1b938b55d1145244c8353078eea23895d4f82c8b9ec1"},
    {file = "numba-0.59.1-cp39-cp39-manylinux2014_aarch64.manylinux_2_17_aarch64.whl", hash = "sha256:649913a3758891c77c32e2d2a3bcbedf4a69f5fea276d11f9119677c45a422e8"},
    {file = "numba-0.59.1-cp39-cp39-manylinux2014_x86_64.manylinux_2_17_x86_64.whl", hash = "sha256:9712808e4545270291d76b9a264839ac878c5eb7d8b6e02c970dc0ac29bc8187"},
    {file = "numba-0.59.1-cp39-cp39-win_amd64.whl", hash = "sha256:8d51ccd7008a83105ad6a0082b6a2b70f1142dc7cfd76deb8c5a862367eb8c86"},
    {file = "numba-0.59.1.tar.gz", hash = "sha256:76f69132b96028d2774ed20415e8c528a34e3299a40581bae178f0994a2f370b"},
]

[package.dependencies]
llvmlite = "==0.42.*"
numpy = ">=1.22,<1.27"

[[package]]
name = "numpy"
version = "1.26.4"
description = "Fundamental package for array computing in Python"
optional = false
python-versions = ">=3.9"
groups = ["main"]
files = [
    {file = "numpy-1.26.4-cp310-cp310-macosx_10_9_x86_64.whl", hash = "sha256:9ff0f4f29c51e2803569d7a51c2304de5554655a60c5d776e35b4a41413830d0"},
    {file = "numpy-1.26.4-cp310-cp310-macosx_11_0_arm64.whl", hash = "sha256:2e4ee3380d6de9c9ec04745830fd9e2eccb3e6cf790d39d7b98ffd19b0dd754a"},
    {file = "numpy-1.26.4-cp310-cp310-manylinux_2_17_aarch64.manylinux2014_aarch64.whl", hash = "sha256:d209d8969599b27ad20994c8e41936ee0964e6da07478d6c35016bc386b66ad4"},
    {file = "numpy-1.26.4-cp310-cp310-manylinux_2_17_x86_64.manylinux2014_x86_64.whl", hash = "sha256:ffa75af20b44f8dba823498024771d5ac50620e6915abac414251bd971b4529f"},
    {file = "numpy-1.26.4-cp310-cp310-musllinux_1_1_aarch64.whl", hash = "sha256:62b8e4b1e28009ef2846b4c7852046736bab361f7aeadeb6a5b89ebec3c7055a"},
    {file = "numpy-1.26.4-cp310-cp310-musllinux_1_1_x86_64.whl", hash = "sha256:a4abb4f9001ad2858e7ac189089c42178fcce737e4169dc61321660f1a96c7d2"},
    {file = "numpy-1.26.4-cp310-cp310-win32.whl", hash = "sha256:bfe25acf8b437eb2a8b2d49d443800a5f18508cd811fea3181723922a8a82b07"},
    {file = "numpy-1.26.4-cp310-cp310-win_amd64.whl", hash = "sha256:b97fe8060236edf3662adfc2c633f56a08ae30560c56310562cb4f95500022d5"},
    {file = "numpy-1.26.4-cp311-cp311-macosx_10_9_x86_64.whl", hash = "sha256:4c66707fabe114439db9068ee468c26bbdf909cac0fb58686a42a24de1760c71"},
    {file = "numpy-1.26.4-cp311-cp311-macosx_11_0_arm64.whl", hash = "sha256:edd8b5fe47dab091176d21bb6de568acdd906d1887a4584a15a9a96a1dca06ef"},
    {file = "numpy-1.26.4-cp311-cp311-manylinux_2_17_aarch64.manylinux2014_aarch64.whl", hash = "sha256:7ab55401287bfec946ced39700c053796e7cc0e3acbef09993a9ad2adba6ca6e"},
    {file = "numpy-1.26.4-cp311-cp311-manylinux_2_17_x86_64.manylinux2014_x86_64.whl", hash = "sha256:666dbfb6ec68962c033a450943ded891bed2d54e6755e35e5835d63f4f6931d5"},
    {file = "numpy-1.26.4-cp311-cp311-musllinux_1_1_aarch64.whl", hash = "sha256:96ff0b2ad353d8f990b63294c8986f1ec3cb19d749234014f4e7eb0112ceba5a"},
    {file = "numpy-1.26.4-cp311-cp311-musllinux_1_1_x86_64.whl", hash = "sha256:60dedbb91afcbfdc9bc0b1f3f402804070deed7392c23eb7a7f07fa857868e8a"},
    {file = "numpy-1.26.4-cp311-cp311-win32.whl", hash = "sha256:1af303d6b2210eb850fcf03064d364652b7120803a0b872f5211f5234b399f20"},
    {file = "numpy-1.26.4-cp311-cp311-win_amd64.whl", hash = "sha256:cd25bcecc4974d09257ffcd1f098ee778f7834c3ad767fe5db785be9a4aa9cb2"},
    {file = "numpy-1.26.4-cp312-cp312-macosx_10_9_x86_64.whl", hash = "sha256:b3ce300f3644fb06443ee2222c2201dd3a89ea6040541412b8fa189341847218"},
    {file = "numpy-1.26.4-cp312-cp312-macosx_11_0_arm64.whl", hash = "sha256:03a8c78d01d9781b28a6989f6fa1bb2c4f2d51201cf99d3dd875df6fbd96b23b"},
    {file = "numpy-1.26.4-cp312-cp312-manylinux_2_17_aarch64.manylinux2014_aarch64.whl", hash = "sha256:9fad7dcb1aac3c7f0584a5a8133e3a43eeb2fe127f47e3632d43d677c66c102b"},
    {file = "numpy-1.26.4-cp312-cp312-manylinux_2_17_x86_64.manylinux2014_x86_64.whl", hash = "sha256:675d61ffbfa78604709862923189bad94014bef562cc35cf61d3a07bba02a7ed"},
    {file = "numpy-1.26.4-cp312-cp312-musllinux_1_1_aarch64.whl", hash = "sha256:ab47dbe5cc8210f55aa58e4805fe224dac469cde56b9f731a4c098b91917159a"},
    {file = "numpy-1.26.4-cp312-cp312-musllinux_1_1_x86_64.whl", hash = "sha256:1dda2e7b4ec9dd512f84935c5f126c8bd8b9f2fc001e9f54af255e8c5f16b0e0"},
    {file = "numpy-1.26.4-cp312-cp312-win32.whl", hash = "sha256:50193e430acfc1346175fcbdaa28ffec49947a06918b7b92130744e81e640110"},
    {file = "numpy-1.26.4-cp312-cp312-win_amd64.whl", hash = "sha256:08beddf13648eb95f8d867350f6a018a4be2e5ad54c8d8caed89ebca558b2818"},
    {file = "numpy-1.26.4-cp39-cp39-macosx_10_9_x86_64.whl", hash = "sha256:7349ab0fa0c429c82442a27a9673fc802ffdb7c7775fad780226cb234965e53c"},
    {file = "numpy-1.26.4-cp39-cp39-macosx_11_0_arm64.whl", hash = "sha256:52b8b60467cd7dd1e9ed082188b4e6bb35aa5cdd01777621a1658910745b90be"},
    {file = "numpy-1.26.4-cp39-cp39-manylinux_2_17_aarch64.manylinux2014_aarch64.whl", hash = "sha256:d5241e0a80d808d70546c697135da2c613f30e28251ff8307eb72ba696945764"},
    {file = "numpy-1.26.4-cp39-cp39-manylinux_2_17_x86_64.manylinux2014_x86_64.whl", hash = "sha256:f870204a840a60da0b12273ef34f7051e98c3b5961b61b0c2c1be6dfd64fbcd3"},
    {file = "numpy-1.26.4-cp39-cp39-musllinux_1_1_aarch64.whl", hash = "sha256:679b0076f67ecc0138fd2ede3a8fd196dddc2ad3254069bcb9faf9a79b1cebcd"},
    {file = "numpy-1.26.4-cp39-cp39-musllinux_1_1_x86_64.whl", hash = "sha256:47711010ad8555514b434df65f7d7b076bb8261df1ca9bb78f53d3b2db02e95c"},
    {file = "numpy-1.26.4-cp39-cp39-win32.whl", hash = "sha256:a354325ee03388678242a4d7ebcd08b5c727033fcff3b2f536aea978e15ee9e6"},
    {file = "numpy-1.26.4-cp39-cp39-win_amd64.whl", hash = "sha256:3373d5d70a5fe74a2c1bb6d2cfd9609ecf686d47a2d7b1d37a8f3b6bf6003aea"},
    {file = "numpy-1.26.4-pp39-pypy39_pp73-macosx_10_9_x86_64.whl", hash = "sha256:afedb719a9dcfc7eaf2287b839d8198e06dcd4cb5d276a3df279231138e83d30"},
    {file = "numpy-1.26.4-pp39-pypy39_pp73-manylinux_2_17_x86_64.manylinux2014_x86_64.whl", hash = "sha256:95a7476c59002f2f6c590b9b7b998306fba6a5aa646b1e22ddfeaf8f78c3a29c"},
    {file = "numpy-1.26.4-pp39-pypy39_pp73-win_amd64.whl", hash = "sha256:7e50d0a0cc3189f9cb0aeb3a6a6af18c16f59f004b866cd2be1c14b36134a4a0"},
    {file = "numpy-1.26.4.tar.gz", hash = "sha256:2a02aba9ed12e4ac4eb3ea9421c420301a0c6460d9830d74a9df87efa4912010"},
]

[[package]]
name = "pygame"
version = "2.6.1"
description = "Python Game Development"
optional = false
python-versions = ">=3.6"
groups = ["main"]
files = [
    {file = "pygame-2.6.1-cp310-cp310-macosx_10_9_x86_64.whl", hash = "sha256:9beeb647e555afb5657111fa83acb74b99ad88761108eaea66472e8b8547b55b"},
    {file = "pygame-2.6.1-cp310-cp310-macosx_11_0_arm64.whl", hash = "sha256:10e3d2a55f001f6c0a6eb44aa79ea7607091c9352b946692acedb2ac1482f1c9"},
    {file = "pygame-2.6.1-cp310-cp310-manylinux_2_17_aarch64.manylinux2014_aarch64.whl", hash = "sha256:816e85000c5d8b02a42b9834f761a5925ef3377d2924e3a7c4c143d2990ce5b8"},
    {file = "pygame-2.6.1-cp310-cp310-manylinux_2_17_i686.manylinux2014_i686.whl", hash = "sha256:8a78fd030d98faab4a8e27878536fdff7518d3e062a72761c552f624ebba5a5f"},
    {file = "pygame-2.6.1-cp310-cp310-manylinux_2_17_x86_64.manylinux2014_x86_64.whl", hash = "sha256:da3ad64d685f84a34ebe5daacb39fff14f1251acb34c098d760d63fee768f50c"},
    {file = "pygame-2.6.1-cp310-cp310-win32.whl", hash = "sha256:9dd5c054d4bd875a8caf978b82672f02bec332f52a833a76899220c460bb4b58"},
    {file = "pygame-2.6.1-cp310-cp310-win_amd64.whl", hash = "sha256:00827aba089355925902d533f9c41e79a799641f03746c50a374dc5c3362e43d"},
    {file = "pygame-2.6.1-cp311-cp311-macosx_10_9_x86_64.whl", hash = "sha256:20349195326a5e82a16e351ed93465a7845a7e2a9af55b7bc1b2110ea3e344e1"},
    {file = "pygame-2.6.1-cp311-cp311-macosx_11_0_arm64.whl", hash = "sha256:f3935459109da4bb0b3901da9904f0a3e52028a3332a355d298b1673a334cf21"},
    {file = "pygame-2.6.1-cp311-cp311-manylinux_2_17_aarch64.manylinux2014_aarch64.whl", hash = "sha256:c31dbdb5d0217f32764797d21c2752e258e5fb7e895326538d82b5f75a0cd856"},
    {file = "pygame-2.6.1-cp311-cp311-manylinux_2_17_i686.manylinux2014_i686.whl", hash = "sha256:173badf82fa198e6888017bea40f511cb28e69ecdd5a72b214e81e4dcd66c3b1"},
    {file = "pygame-2.6.1-cp311-cp311-manylinux_2_17_x86_64.manylinux2014_x86_64.whl", hash = "sha256:ce8cc108b92de9b149b344ad2e25eedbe773af0dc41dfb24d1f07f679b558c60"},
    {file = "pygame-2.6.1-cp311-cp311-win32.whl", hash = "sha256:811e7b925146d8149d79193652cbb83e0eca0aae66476b1cb310f0f4226b8b5c"},
    {file = "pygame-2.6.1-cp311-cp311-win_amd64.whl", hash = "sha256:91476902426facd4bb0dad4dc3b2573bc82c95c71b135e0daaea072ed528d299"},
    {file = "pygame-2.6.1-cp312-cp312-macosx_10_9_x86_64.whl", hash = "sha256:4ee7f2771f588c966fa2fa8b829be26698c9b4836f82ede5e4edc1a68594942e"},
    {file = "pygame-2.6.1-cp312-cp312-macosx_11_0_arm64.whl", hash = "sha256:c8040ea2ab18c6b255af706ec01355c8a6b08dc48d77fd4ee783f8fc46a843bf"},
    {file = "pygame-2.6.1-cp312-cp312-manylinux_2_17_aarch64.manylinux2014_aarch64.whl", hash = "sha256:c47a6938de93fa610accd4969e638c2aebcb29b2fca518a84c3a39d91ab47116"},
    {file = "pygame-2.6.1-cp312-cp312-manylinux_2_17_i686.manylinux2014_i686.whl", hash = "sha256:33006f784e1c7d7e466fcb61d5489da59cc5f7eb098712f792a225df1d4e229d"},
    {file = "pygame-2.6.1-cp312-cp312-manylinux_2_17_x86_64.manylinux2014_x86_64.whl", hash = "sha256:1206125f14cae22c44565c9d333607f1d9f59487b1f1432945dfc809aeaa3e88"},
    {file = "pygame-2.6.1-cp312-cp312-win32.whl", hash = "sha256:84fc4054e25262140d09d39e094f6880d730199710829902f0d8ceae0213379e"},
    {file = "pygame-2.6.1-cp312-cp312-win_amd64.whl", hash = "sha256:3a9e7396be0d9633831c3f8d5d82dd63ba373ad65599628294b7a4f8a5a01a65"},
    {file = "pygame-2.6.1-cp313-cp313-macosx_10_13_x86_64.whl", hash = "sha256:ae6039f3a55d800db80e8010f387557b528d34d534435e0871326804df2a62f2"},
    {file = "pygame-2.6.1-cp313-cp313-macosx_11_0_arm64.whl", hash = "sha256:2a3a1288e2e9b1e5834e425bedd5ba01a3cd4902b5c2bff8ed4a740ccfe98171"},
    {file = "pygame-2.6.1-cp313-cp313-manylinux_2_17_aarch64.manylinux2014_aarch64.whl", hash = "sha256:27eb17e3dc9640e4b4683074f1890e2e879827447770470c2aba9f125f74510b"},
    {file = "pygame-2.6.1-cp313-cp313-manylinux_2_17_i686.manylinux2014_i686.whl", hash = "sha256:4c1623180e70a03c4a734deb9bac50fc9c82942ae84a3a220779062128e75f3b"},
    {file = "pygame-2.6.1-cp313-cp313-manylinux_2_17_x86_64.manylinux2014_x86_64.whl", hash = "sha256:ef07c0103d79492c21fced9ad68c11c32efa6801ca1920ebfd0f15fb46c78b1c"},
    {file = "pygame-2.6.1-cp313-cp313-win32.whl", hash = "sha256:3acd8c009317190c2bfd81db681ecef47d5eb108c2151d09596d9c7ea9df5c0e"},
    {file = "pygame-2.6.1-cp313-cp313-win_amd64.whl", hash = "sha256:813af4fba5d0b2cb8e58f5d95f7910295c34067dcc290d34f1be59c48bd1ea6a"},
    {file = "pygame-2.6.1-cp36-cp36m-macosx_10_9_x86_64.whl", hash = "sha256:56ffca6059b165bbf64f4b4be23b8068f6a0e220780e4f96ec0bb5ac3c63ec39"},
    {file = "pygame-2.6.1-cp36-cp36m-manylinux_2_17_aarch64.manylinux2014_aarch64.whl", hash = "sha256:3bede70ec708057e305815d6546012669226d1d80566785feca9b044216062e7"},
    {file = "pygame-2.6.1-cp36-cp36m-manylinux_2_17_i686.manylinux2014_i686.whl", hash = "sha256:f84f15d146d6aa93254008a626c56ef96fed276006202881a47b29757f0cd65a"},
    {file = "pygame-2.6.1-cp36-cp36m-manylinux_2_17_x86_64.manylinux2014_x86_64.whl", hash = "sha256:14f9dda45469b254c0f15edaaeaa85d2cc072ff6a83584a265f5d684c7f7efd8"},
    {file = "pygame-2.6.1-cp36-cp36m-win32.whl", hash = "sha256:28b43190436037e428a5be28fc80cf6615304fd528009f2c688cc828f4ff104b"},
    {file = "pygame-2.6.1-cp36-cp36m-win_amd64.whl", hash = "sha256:a4b8f04fceddd9a3ac30778d11f0254f59efcd1c382d5801271113cea8b4f2f3"},
    {file = "pygame-2.6.1-cp37-cp37m-macosx_10_9_x86_64.whl", hash = "sha256:a620883d589926f157b8f1d1f543183ac52e5c30507dea445e3927ae0bee1c54"},
    {file = "pygame-2.6.1-cp37-cp37m-manylinux_2_17_aarch64.manylinux2014_aarch64.whl", hash = "sha256:b46e68cd168f44d0224c670bb72186688fc692d7079715f79d04096757d703d0"},
    {file = "pygame-2.6.1-cp37-cp37m-manylinux_2_17_i686.manylinux2014_i686.whl", hash = "sha256:c0b11356ac96261162d54a2c2b41a41978f00525631b01ec9c4fe26b01c66595"},
    {file = "pygame-2.6.1-cp37-cp37m-manylinux_2_17_x86_64.manylinux2014_x86_64.whl", hash = "sha256:325a84d072d52e3c2921eff02f87c6a74b7e77d71db3bdf53801c6c975f1b6c4"},
    {file = "pygame-2.6.1-cp37-cp37m-win32.whl", hash = "sha256:2a615d78b2364e86f541458ff41c2a46181b9a1e9eabd97b389282fdf04efbb3"},
    {file = "pygame-2.6.1-cp37-cp37m-win_amd64.whl", hash = "sha256:94afd1177680d92f9214c54966ad3517d18210c4fbc5d84a0192d218e93647e0"},
    {file = "pygame-2.6.1-cp38-cp38-macosx_10_9_x86_64.whl", hash = "sha256:97ac4e13847b6b293ecaffa5ffce9886c98d09c03309406931cc592f0cea6366"},
    {file = "pygame-2.6.1-cp38-cp38-macosx_11_0_arm64.whl", hash = "sha256:d1a7f2b66ac2e4c9583b6d4c6d6f346fb10a3392c04163f537061f86a448ed5c"},
    {file = "pygame-2.6.1-cp38-cp38-manylinux_2_17_aarch64.manylinux2014_aarch64.whl", hash = "sha256:ac3f033d2be4a9e23660a96afe2986df3a6916227538a6a0061bc218c5088507"},
    {file = "pygame-2.6.1-cp38-cp38-manylinux_2_17_i686.manylinux2014_i686.whl", hash = "sha256:a1bf7ab5311bbced70320f1a56701650b4c18231343ae5af42111eea91e0949a"},
    {file = "pygame-2.6.1-cp38-cp38-manylinux_2_17_x86_64.manylinux2014_x86_64.whl", hash = "sha256:21160d9093533eb831f1b708e630706e5ac16b30750571ec27bc3b8364814f38"},
    {file = "pygame-2.6.1-cp38-cp38-win32.whl", hash = "sha256:7bffdd3eaf394d9645331d1c3a5df9d782ebcc3c5a78f3b657c7879a828dd111"},
    {file = "pygame-2.6.1-cp38-cp38-win_amd64.whl", hash = "sha256:818b4eaec9c4acb6ac64805d4ca8edd4062bebca77bd815c18739fe2842c97e9"},
    {file = "pygame-2.6.1-cp39-cp39-macosx_10_9_x86_64.whl", hash = "sha256:15efaa11a80a65dd589a95bebe812fa5bfc7e14946b638a424c5bd9ac6cca1a4"},
    {file = "pygame-2.6.1-cp39-cp39-macosx_11_0_arm64.whl", hash = "sha256:481cfe1bdbb7fe00acc5950c494c26f00240888619bdc396fc8c39a734797432"},
    {file = "pygame-2.6.1-cp39-cp39-manylinux_2_17_aarch64.manylinux2014_aarch64.whl", hash = "sha256:5d09fd950725d187aa5207c0cb8eb9ab0d2f8ce9ab8d189c30eeb470e71b617e"},
    {file = "pygame-2.6.1-cp39-cp39-manylinux_2_17_i686.manylinux2014_i686.whl", hash = "sha256:163e66de169bd5670c86e27d0b74aad0d2d745e3b63cf4e7eb5b2bff1231ca8d"},
    {file = "pygame-2.6.1-cp39-cp39-manylinux_2_17_x86_64.manylinux2014_x86_64.whl", hash = "sha256:fb6e8d0547f30ddc845f4fd1e33070ef548233ad0dbf21f7ecea768883d1bbdc"},
    {file = "pygame-2.6.1-cp39-cp39-win32.whl", hash = "sha256:d29eb9a93f12aa3d997b6e3c447ac85b2a4b142ab2548441523a8fcf5e216042"},
    {file = "pygame-2.6.1-cp39-cp39-win_amd64.whl", hash = "sha256:6582aa71a681e02e55d43150a9ab41394e6bf4d783d2962a10aea58f424be060"},
    {file = "pygame-2.6.1-pp36-pypy36_pp73-win32.whl", hash = "sha256:4a8ea113b1bf627322a025a1a5a87e3818a7f55ab3a4077ff1ae5c8c60576614"},
    {file = "pygame-2.6.1-pp38-pypy38_pp73-macosx_10_9_x86_64.whl", hash = "sha256:b7f9f8e6f76de36f4725175d686601214af362a4f30614b4dae2240198e72e6f"},
    {file = "pygame-2.6.1-pp39-pypy39_pp73-macosx_10_15_x86_64.whl", hash = "sha256:bbb7167c92103a2091366e9af26d4914ba3776666e8677d3c93551353fffa626"},
    {file = "pygame-2.6.1-pp39-pypy39_pp73-manylinux_2_17_i686.manylinux2014_i686.whl", hash = "sha256:17498a2b043bc0e795faedef1b081199c688890200aef34991c1941caa2d2c89"},
    {file = "pygame-2.6.1-pp39-pypy39_pp73-manylinux_2_17_x86_64.manylinux2014_x86_64.whl", hash = "sha256:7103c60939bbc1e05cfc7ba3f1d2ad3bbf103b7828b82a7166a9ab6f51950146"},
    {file = "pygame-2.6.1.tar.gz", hash = "sha256:56fb02ead529cee00d415c3e007f75e0780c655909aaa8e8bf616ee09c9feb1f"},
]

[[package]]
name = "scipy"
version = "1.15.1"
description = "Fundamental algorithms for scientific computing in Python"
optional = false
python-versions = ">=3.10"
groups = ["main"]
files = [
    {file = "scipy-1.15.1-cp310-cp310-macosx_10_13_x86_64.whl", hash = "sha256:c64ded12dcab08afff9e805a67ff4480f5e69993310e093434b10e85dc9d43e1"},
    {file = "scipy-1.15.1-cp310-cp310-macosx_12_0_arm64.whl", hash = "sha256:5b190b935e7db569960b48840e5bef71dc513314cc4e79a1b7d14664f57fd4ff"},
    {file = "scipy-1.15.1-cp310-cp310-macosx_14_0_arm64.whl", hash = "sha256:4b17d4220df99bacb63065c76b0d1126d82bbf00167d1730019d2a30d6ae01ea"},
    {file = "scipy-1.15.1-cp310-cp310-macosx_14_0_x86_64.whl", hash = "sha256:63b9b6cd0333d0eb1a49de6f834e8aeaefe438df8f6372352084535ad095219e"},
    {file = "scipy-1.15.1-cp310-cp310-manylinux_2_17_aarch64.manylinux2014_aarch64.whl", hash = "sha256:9f151e9fb60fbf8e52426132f473221a49362091ce7a5e72f8aa41f8e0da4f25"},
    {file = "scipy-1.15.1-cp310-cp310-manylinux_2_17_x86_64.manylinux2014_x86_64.whl", hash = "sha256:21e10b1dd56ce92fba3e786007322542361984f8463c6d37f6f25935a5a6ef52"},
    {file = "scipy-1.15.1-cp310-cp310-musllinux_1_2_x86_64.whl", hash = "sha256:5dff14e75cdbcf07cdaa1c7707db6017d130f0af9ac41f6ce443a93318d6c6e0"},
    {file = "scipy-1.15.1-cp310-cp310-win_amd64.whl", hash = "sha256:f82fcf4e5b377f819542fbc8541f7b5fbcf1c0017d0df0bc22c781bf60abc4d8"},
    {file = "scipy-1.15.1-cp311-cp311-macosx_10_13_x86_64.whl", hash = "sha256:5bd8d27d44e2c13d0c1124e6a556454f52cd3f704742985f6b09e75e163d20d2"},
    {file = "scipy-1.15.1-cp311-cp311-macosx_12_0_arm64.whl", hash = "sha256:be3deeb32844c27599347faa077b359584ba96664c5c79d71a354b80a0ad0ce0"},
    {file = "scipy-1.15.1-cp311-cp311-macosx_14_0_arm64.whl", hash = "sha256:5eb0ca35d4b08e95da99a9f9c400dc9f6c21c424298a0ba876fdc69c7afacedf"},
    {file = "scipy-1.15.1-cp311-cp311-macosx_14_0_x86_64.whl", hash = "sha256:74bb864ff7640dea310a1377d8567dc2cb7599c26a79ca852fc184cc851954ac"},
    {file = "scipy-1.15.1-cp311-cp311-manylinux_2_17_aarch64.manylinux2014_aarch64.whl", hash = "sha256:667f950bf8b7c3a23b4199db24cb9bf7512e27e86d0e3813f015b74ec2c6e3df"},
    {file = "scipy-1.15.1-cp311-cp311-manylinux_2_17_x86_64.manylinux2014_x86_64.whl", hash = "sha256:395be70220d1189756068b3173853029a013d8c8dd5fd3d1361d505b2aa58fa7"},
    {file = "scipy-1.15.1-cp311-cp311-musllinux_1_2_x86_64.whl", hash = "sha256:ce3a000cd28b4430426db2ca44d96636f701ed12e2b3ca1f2b1dd7abdd84b39a"},
    {file = "scipy-1.15.1-cp311-cp311-win_amd64.whl", hash = "sha256:3fe1d95944f9cf6ba77aa28b82dd6bb2a5b52f2026beb39ecf05304b8392864b"},
    {file = "scipy-1.15.1-cp312-cp312-macosx_10_13_x86_64.whl", hash = "sha256:c09aa9d90f3500ea4c9b393ee96f96b0ccb27f2f350d09a47f533293c78ea776"},
    {file = "scipy-1.15.1-cp312-cp312-macosx_12_0_arm64.whl", hash = "sha256:0ac102ce99934b162914b1e4a6b94ca7da0f4058b6d6fd65b0cef330c0f3346f"},
    {file = "scipy-1.15.1-cp312-cp312-macosx_14_0_arm64.whl", hash = "sha256:09c52320c42d7f5c7748b69e9f0389266fd4f82cf34c38485c14ee976cb8cb04"},
    {file = "scipy-1.15.1-cp312-cp312-macosx_14_0_x86_64.whl", hash = "sha256:cdde8414154054763b42b74fe8ce89d7f3d17a7ac5dd77204f0e142cdc9239e9"},
    {file = "scipy-1.15.1-cp312-cp312-manylinux_2_17_aarch64.manylinux2014_aarch64.whl", hash = "sha256:4c9d8fc81d6a3b6844235e6fd175ee1d4c060163905a2becce8e74cb0d7554ce"},
    {file = "scipy-1.15.1-cp312-cp312-manylinux_2_17_x86_64.manylinux2014_x86_64.whl", hash = "sha256:0fb57b30f0017d4afa5fe5f5b150b8f807618819287c21cbe51130de7ccdaed2"},
    {file = "scipy-1.15.1-cp312-cp312-musllinux_1_2_x86_64.whl", hash = "sha256:491d57fe89927fa1aafbe260f4cfa5ffa20ab9f1435025045a5315006a91b8f5"},
    {file = "scipy-1.15.1-cp312-cp312-win_amd64.whl", hash = "sha256:900f3fa3db87257510f011c292a5779eb627043dd89731b9c461cd16ef76ab3d"},
    {file = "scipy-1.15.1-cp313-cp313-macosx_10_13_x86_64.whl", hash = "sha256:100193bb72fbff37dbd0bf14322314fc7cbe08b7ff3137f11a34d06dc0ee6b85"},
    {file = "scipy-1.15.1-cp313-cp313-macosx_12_0_arm64.whl", hash = "sha256:2114a08daec64980e4b4cbdf5bee90935af66d750146b1d2feb0d3ac30613692"},
    {file = "scipy-1.15.1-cp313-cp313-macosx_14_0_arm64.whl", hash = "sha256:6b3e71893c6687fc5e29208d518900c24ea372a862854c9888368c0b267387ab"},
    {file = "scipy-1.15.1-cp313-cp313-macosx_14_0_x86_64.whl", hash = "sha256:837299eec3d19b7e042923448d17d95a86e43941104d33f00da7e31a0f715d3c"},
    {file = "scipy-1.15.1-cp313-cp313-manylinux_2_17_aarch64.manylinux2014_aarch64.whl", hash = "sha256:82add84e8a9fb12af5c2c1a3a3f1cb51849d27a580cb9e6bd66226195142be6e"},
    {file = "scipy-1.15.1-cp313-cp313-manylinux_2_17_x86_64.manylinux2014_x86_64.whl", hash = "sha256:070d10654f0cb6abd295bc96c12656f948e623ec5f9a4eab0ddb1466c000716e"},
    {file = "scipy-1.15.1-cp313-cp313-musllinux_1_2_x86_64.whl", hash = "sha256:55cc79ce4085c702ac31e49b1e69b27ef41111f22beafb9b49fea67142b696c4"},
    {file = "scipy-1.15.1-cp313-cp313-win_amd64.whl", hash = "sha256:c352c1b6d7cac452534517e022f8f7b8d139cd9f27e6fbd9f3cbd0bfd39f5bef"},
    {file = "scipy-1.15.1-cp313-cp313t-macosx_10_13_x86_64.whl", hash = "sha256:0458839c9f873062db69a03de9a9765ae2e694352c76a16be44f93ea45c28d2b"},
    {file = "scipy-1.15.1-cp313-cp313t-macosx_12_0_arm64.whl", hash = "sha256:af0b61c1de46d0565b4b39c6417373304c1d4f5220004058bdad3061c9fa8a95"},
    {file = "scipy-1.15.1-cp313-cp313t-macosx_14_0_arm64.whl", hash = "sha256:71ba9a76c2390eca6e359be81a3e879614af3a71dfdabb96d1d7ab33da6f2364"},
    {file = "scipy-1.15.1-cp313-cp313t-macosx_14_0_x86_64.whl", hash = "sha256:14eaa373c89eaf553be73c3affb11ec6c37493b7eaaf31cf9ac5dffae700c2e0"},
    {file = "scipy-1.15.1-cp313-cp313t-manylinux_2_17_x86_64.manylinux2014_x86_64.whl", hash = "sha256:f735bc41bd1c792c96bc426dece66c8723283695f02df61dcc4d0a707a42fc54"},
    {file = "scipy-1.15.1-cp313-cp313t-musllinux_1_2_x86_64.whl", hash = "sha256:2722a021a7929d21168830790202a75dbb20b468a8133c74a2c0230c72626b6c"},
    {file = "scipy-1.15.1-cp313-cp313t-win_amd64.whl", hash = "sha256:bc7136626261ac1ed988dca56cfc4ab5180f75e0ee52e58f1e6aa74b5f3eacd5"},
    {file = "scipy-1.15.1.tar.gz", hash = "sha256:033a75ddad1463970c96a88063a1df87ccfddd526437136b6ee81ff0312ebdf6"},
]

[package.dependencies]
numpy = ">=1.23.5,<2.5"

[package.extras]
dev = ["cython-lint (>=0.12.2)", "doit (>=0.36.0)", "mypy (==1.10.0)", "pycodestyle", "pydevtool", "rich-click", "ruff (>=0.0.292)", "types-psutil", "typing_extensions"]
doc = ["intersphinx_registry", "jupyterlite-pyodide-kernel", "jupyterlite-sphinx (>=0.16.5)", "jupytext", "matplotlib (>=3.5)", "myst-nb", "numpydoc", "pooch", "pydata-sphinx-theme (>=0.15.2)", "sphinx (>=5.0.0,<8.0.0)", "sphinx-copybutton", "sphinx-design (>=0.4.0)"]
test = ["Cython", "array-api-strict (>=2.0,<2.1.1)", "asv", "gmpy2", "hypothesis (>=6.30)", "meson", "mpmath", "ninja", "pooch", "pytest", "pytest-cov", "pytest-timeout", "pytest-xdist", "scikit-umfpack", "threadpoolctl"]

[metadata]
lock-version = "2.1"
python-versions = "=3.11.9"
content-hash = "7a9451a1fa36b256f39359c24e4315624e905eae1273ea89d9aa89e484fffdbe"
